{
  "lockfile_version": "1",
  "packages": {
    "_1password-cli@2.31.1": {
      "last_modified": "2025-05-29T08:12:58Z",
      "resolved": "github:NixOS/nixpkgs/3866ad91cfc172f08a6839def503d8fc2923c603#_1password-cli",
      "source": "devbox-search",
      "version": "2.31.1",
      "systems": {
        "aarch64-darwin": {
          "outputs": [
            {
              "name": "out",
              "path": "/nix/store/fwidmm98x5azz1xvfwccfchlhqq8c3aq-1password-cli-2.31.1",
              "default": true
            }
          ],
          "store_path": "/nix/store/fwidmm98x5azz1xvfwccfchlhqq8c3aq-1password-cli-2.31.1"
        },
        "aarch64-linux": {
          "outputs": [
            {
              "name": "out",
              "path": "/nix/store/6ykm4zygv7qij60cnd66zjzv6sb44kr0-1password-cli-2.31.1",
              "default": true
            }
          ],
          "store_path": "/nix/store/6ykm4zygv7qij60cnd66zjzv6sb44kr0-1password-cli-2.31.1"
        },
        "x86_64-darwin": {
          "outputs": [
            {
              "name": "out",
              "path": "/nix/store/r8qd9rcgnrf3zxj1x9qa5j7ljzbca14d-1password-cli-2.31.1",
              "default": true
            }
          ],
          "store_path": "/nix/store/r8qd9rcgnrf3zxj1x9qa5j7ljzbca14d-1password-cli-2.31.1"
        },
        "x86_64-linux": {
          "outputs": [
            {
              "name": "out",
              "path": "/nix/store/2jg3qfc2q34kmryxc86pc5fgpn4fw9n1-1password-cli-2.31.1",
              "default": true
            }
          ],
          "store_path": "/nix/store/2jg3qfc2q34kmryxc86pc5fgpn4fw9n1-1password-cli-2.31.1"
        }
      }
    },
    "ansible-lint@25.5.0": {
      "last_modified": "2025-06-25T00:36:27Z",
      "resolved": "github:NixOS/nixpkgs/992f916556fcfaa94451ebc7fc6e396134bbf5b1#ansible-lint",
      "source": "devbox-search",
      "version": "25.5.0",
      "systems": {
        "aarch64-darwin": {
          "outputs": [
            {
              "name": "out",
              "path": "/nix/store/afvyk4a2l7hw6kwrbgnm873g2xc31hii-ansible-lint-25.5.0",
              "default": true
            },
            {
              "name": "dist",
              "path": "/nix/store/px11l3kdj17z1pwc4pgalih3h3d108s1-ansible-lint-25.5.0-dist"
            }
          ],
          "store_path": "/nix/store/afvyk4a2l7hw6kwrbgnm873g2xc31hii-ansible-lint-25.5.0"
        },
        "aarch64-linux": {
          "outputs": [
            {
              "name": "out",
              "path": "/nix/store/qn6zf809g7xgp09d7sgqlqfq8d11wib4-ansible-lint-25.5.0",
              "default": true
            },
            {
              "name": "dist",
              "path": "/nix/store/gsrd04jq2p38s7zp7g1yyxpw43ai3w0f-ansible-lint-25.5.0-dist"
            }
          ],
          "store_path": "/nix/store/qn6zf809g7xgp09d7sgqlqfq8d11wib4-ansible-lint-25.5.0"
        },
        "x86_64-darwin": {
          "outputs": [
            {
              "name": "out",
              "path": "/nix/store/dvzb3a1rb39klf3sg8av8zcqmb6rqcxx-ansible-lint-25.5.0",
              "default": true
            },
            {
              "name": "dist",
              "path": "/nix/store/c3md5z6yd2fm3vxss00air4cmiz24a8w-ansible-lint-25.5.0-dist"
            }
          ],
          "store_path": "/nix/store/dvzb3a1rb39klf3sg8av8zcqmb6rqcxx-ansible-lint-25.5.0"
        },
        "x86_64-linux": {
          "outputs": [
            {
              "name": "out",
              "path": "/nix/store/xw5lhhlwxrcsi6hvc8nvfl4h68bz90wv-ansible-lint-25.5.0",
              "default": true
            },
            {
              "name": "dist",
              "path": "/nix/store/wz38l0r2v66cdv8nda91sm2w1hv10wzs-ansible-lint-25.5.0-dist"
            }
          ],
          "store_path": "/nix/store/xw5lhhlwxrcsi6hvc8nvfl4h68bz90wv-ansible-lint-25.5.0"
        }
      }
    },
    "ansible@2.18.6": {
      "last_modified": "2025-05-24T21:46:02Z",
      "resolved": "github:NixOS/nixpkgs/edb3633f9100d9277d1c9af245a4e9337a980c07#ansible",
      "source": "devbox-search",
      "version": "2.18.6",
      "systems": {
        "aarch64-darwin": {
          "outputs": [
            {
              "name": "out",
              "path": "/nix/store/gnls4kcmy9fr5a3x7kqrsqwq2m96rrsg-python3.12-ansible-core-2.18.6",
              "default": true
            },
            {
              "name": "dist",
              "path": "/nix/store/8k2zgmsdlpxk759rxlgfzsqss0gqxhvp-python3.12-ansible-core-2.18.6-dist"
            }
          ],
          "store_path": "/nix/store/gnls4kcmy9fr5a3x7kqrsqwq2m96rrsg-python3.12-ansible-core-2.18.6"
        },
        "aarch64-linux": {
          "outputs": [
            {
              "name": "out",
              "path": "/nix/store/nj97yd3bivyxs5a2j3q9gyg8304av07q-python3.12-ansible-core-2.18.6",
              "default": true
            },
            {
              "name": "dist",
              "path": "/nix/store/m89q34vq01hrd0immb0ibqgln30pg0zs-python3.12-ansible-core-2.18.6-dist"
            }
          ],
          "store_path": "/nix/store/nj97yd3bivyxs5a2j3q9gyg8304av07q-python3.12-ansible-core-2.18.6"
        },
        "x86_64-darwin": {
          "outputs": [
            {
              "name": "out",
              "path": "/nix/store/17x48nrxx7lc60c201bv5kjxw7zvgbzf-python3.12-ansible-core-2.18.6",
              "default": true
            },
            {
              "name": "dist",
              "path": "/nix/store/c9dzvapldzam22w76fxdjqjqmv2vizw8-python3.12-ansible-core-2.18.6-dist"
            }
          ],
          "store_path": "/nix/store/17x48nrxx7lc60c201bv5kjxw7zvgbzf-python3.12-ansible-core-2.18.6"
        },
        "x86_64-linux": {
          "outputs": [
            {
              "name": "out",
              "path": "/nix/store/xpzn3bbrzvqbqnm5bgkwg87v2wcbmyfg-python3.12-ansible-core-2.18.6",
              "default": true
            },
            {
              "name": "dist",
              "path": "/nix/store/04m7w60ygl176rrw3lyj87vsk1zbf0m6-python3.12-ansible-core-2.18.6-dist"
            }
          ],
          "store_path": "/nix/store/xpzn3bbrzvqbqnm5bgkwg87v2wcbmyfg-python3.12-ansible-core-2.18.6"
        }
      }
    },
    "github:NixOS/nixpkgs/nixpkgs-unstable": {
      "resolved": "github:NixOS/nixpkgs/573c650e8a14b2faa0041645ab18aed7e60f0c9a?lastModified=1741865919&narHash=sha256-4thdbnP6dlbdq%2BqZWTsm4ffAwoS8Tiq1YResB%2BRP6WE%3D"
    },
    "gnumake@4.4.1": {
      "last_modified": "2025-03-11T15:50:42Z",
      "resolved": "github:NixOS/nixpkgs/b62d2a95c72fb068aecd374a7262b37ed92df82b#gnumake",
      "source": "devbox-search",
      "version": "4.4.1",
      "systems": {
        "aarch64-darwin": {
          "outputs": [
            {
              "name": "out",
              "path": "/nix/store/kn5xn5xfwvgxf33nga9q9b3q9qh9vrg3-gnumake-4.4.1",
              "default": true
            },
            {
              "name": "man",
              "path": "/nix/store/q4anl5yx5z19ivc1mxadjs5yqrzgx938-gnumake-4.4.1-man",
              "default": true
            },
            {
              "name": "info",
              "path": "/nix/store/90z024gnvcsail3k8rgqsrzi5g7f9gs6-gnumake-4.4.1-info"
            }
          ],
          "store_path": "/nix/store/kn5xn5xfwvgxf33nga9q9b3q9qh9vrg3-gnumake-4.4.1"
        },
        "aarch64-linux": {
          "outputs": [
            {
              "name": "out",
              "path": "/nix/store/1bpzdjww9yy9m3a1plxldg62wcjmk2xp-gnumake-4.4.1",
              "default": true
            },
            {
              "name": "man",
              "path": "/nix/store/08b54hn46qgaxb785f4a5xnglni14j09-gnumake-4.4.1-man",
              "default": true
            },
            {
              "name": "debug",
              "path": "/nix/store/gjdnyxla25610y0k3wkkzmp95agz4rbi-gnumake-4.4.1-debug"
            },
            {
              "name": "info",
              "path": "/nix/store/c9fxaq63vkxfry9nsqa64lnzdmb8xx6x-gnumake-4.4.1-info"
            }
          ],
          "store_path": "/nix/store/1bpzdjww9yy9m3a1plxldg62wcjmk2xp-gnumake-4.4.1"
        },
        "x86_64-darwin": {
          "outputs": [
            {
              "name": "out",
              "path": "/nix/store/ypjw0zax2m05kjli76b2cvk4q1wima19-gnumake-4.4.1",
              "default": true
            },
            {
              "name": "man",
              "path": "/nix/store/w905d9x4smq960d6am8x4zrxsgg52srn-gnumake-4.4.1-man",
              "default": true
            },
            {
              "name": "info",
              "path": "/nix/store/7ac40lsb80xaxpq2pr0cgvc98h0lzixj-gnumake-4.4.1-info"
            }
          ],
          "store_path": "/nix/store/ypjw0zax2m05kjli76b2cvk4q1wima19-gnumake-4.4.1"
        },
        "x86_64-linux": {
          "outputs": [
            {
              "name": "out",
              "path": "/nix/store/zi18rs3z305sn57biq8ahvfkcw17bkjm-gnumake-4.4.1",
              "default": true
            },
            {
              "name": "man",
              "path": "/nix/store/sa0chp0fw3101292x6a6jx8crbfsg7wi-gnumake-4.4.1-man",
              "default": true
            },
            {
              "name": "debug",
              "path": "/nix/store/6aaydvwwhb5jr7zk32xyyj9wyv4cwh4a-gnumake-4.4.1-debug"
            },
            {
              "name": "info",
              "path": "/nix/store/dm92ddr8j4hc7h5zqav0r7kpzkrwzlrx-gnumake-4.4.1-info"
            }
          ],
          "store_path": "/nix/store/zi18rs3z305sn57biq8ahvfkcw17bkjm-gnumake-4.4.1"
        }
      }
    },
    "nodePackages.prettier@3.5.3": {
      "last_modified": "2025-03-23T05:31:05Z",
      "resolved": "github:NixOS/nixpkgs/dd613136ee91f67e5dba3f3f41ac99ae89c5406b#nodePackages.prettier",
      "source": "devbox-search",
      "version": "3.5.3",
      "systems": {
        "aarch64-darwin": {
          "outputs": [
            {
              "name": "out",
              "path": "/nix/store/ri1x9kwnv6a38lycpx03fm8g1xx5r41s-prettier-3.5.3",
              "default": true
            }
          ],
          "store_path": "/nix/store/ri1x9kwnv6a38lycpx03fm8g1xx5r41s-prettier-3.5.3"
        },
        "aarch64-linux": {
          "outputs": [
            {
              "name": "out",
              "path": "/nix/store/dl78racfdkxxmmx971k7malgqyvncdjk-prettier-3.5.3",
              "default": true
            }
          ],
          "store_path": "/nix/store/dl78racfdkxxmmx971k7malgqyvncdjk-prettier-3.5.3"
        },
        "x86_64-darwin": {
          "outputs": [
            {
              "name": "out",
              "path": "/nix/store/wnra1n75bxjh1bvhpf3wq9mrm9kgn3j5-prettier-3.5.3",
              "default": true
            }
          ],
          "store_path": "/nix/store/wnra1n75bxjh1bvhpf3wq9mrm9kgn3j5-prettier-3.5.3"
        },
        "x86_64-linux": {
          "outputs": [
            {
              "name": "out",
              "path": "/nix/store/q8pacnp434vblp7vh5b769fxdismk2qj-prettier-3.5.3",
              "default": true
            }
          ],
          "store_path": "/nix/store/q8pacnp434vblp7vh5b769fxdismk2qj-prettier-3.5.3"
        }
      }
    },
    "pre-commit@4.2.0": {
      "last_modified": "2025-06-08T07:56:50Z",
      "resolved": "github:NixOS/nixpkgs/8207ad0d501dd3590e0e81a7c56b386a5c4342c9#pre-commit",
      "source": "devbox-search",
      "version": "4.2.0",
      "systems": {
        "aarch64-darwin": {
          "outputs": [
            {
              "name": "out",
              "path": "/nix/store/0nrplqmv9zwfwinz02238m6ahp48a8m8-pre-commit-4.2.0",
              "default": true
            },
            {
              "name": "dist",
              "path": "/nix/store/qijj8wjnpsiyr6m977k53zawy54sb0ic-pre-commit-4.2.0-dist"
            }
          ],
          "store_path": "/nix/store/0nrplqmv9zwfwinz02238m6ahp48a8m8-pre-commit-4.2.0"
        },
        "aarch64-linux": {
          "outputs": [
            {
              "name": "out",
              "path": "/nix/store/k37h252fpzwzlimk4fac6kwij626nafh-pre-commit-4.2.0",
              "default": true
            },
            {
              "name": "dist",
              "path": "/nix/store/f8ma4asp5c5h4rxiffxjyfg2iw421k9c-pre-commit-4.2.0-dist"
            }
          ],
          "store_path": "/nix/store/k37h252fpzwzlimk4fac6kwij626nafh-pre-commit-4.2.0"
        },
        "x86_64-darwin": {
          "outputs": [
            {
              "name": "out",
              "path": "/nix/store/k0b5n0yi013cdlsjnzk8p2qh3fvcgsv0-pre-commit-4.2.0",
              "default": true
            },
            {
              "name": "dist",
              "path": "/nix/store/14j2bcxjp1vfgszarl6wasjsy2wpli6g-pre-commit-4.2.0-dist"
            }
          ],
          "store_path": "/nix/store/k0b5n0yi013cdlsjnzk8p2qh3fvcgsv0-pre-commit-4.2.0"
        },
        "x86_64-linux": {
          "outputs": [
            {
              "name": "out",
              "path": "/nix/store/qx2b0gcg7xl29pz5zi071fjpwsx0rn4g-pre-commit-4.2.0",
              "default": true
            },
            {
              "name": "dist",
              "path": "/nix/store/l21dxfcd71cxz2w5wz1iadh3vq4c4nl7-pre-commit-4.2.0-dist"
            }
          ],
          "store_path": "/nix/store/qx2b0gcg7xl29pz5zi071fjpwsx0rn4g-pre-commit-4.2.0"
        }
      }
    },
    "shellcheck@0.10.0": {
      "last_modified": "2025-03-09T21:26:12Z",
      "resolved": "github:NixOS/nixpkgs/e05f8bda630a0836d777d84de14b3c16eb758514#shellcheck",
      "source": "devbox-search",
      "version": "0.10.0",
      "systems": {
        "aarch64-darwin": {
          "outputs": [
            {
              "name": "bin",
              "path": "/nix/store/325gxaqj2jf8is7bl9l76xrg4lshm72f-shellcheck-0.10.0-bin",
              "default": true
            },
            {
              "name": "man",
              "path": "/nix/store/g62azyf0p9xj0d9j90dr7yhasbdnm7dk-shellcheck-0.10.0-man",
              "default": true
            },
            {
              "name": "doc",
              "path": "/nix/store/rjln13sbb4g1i6izlymwdj0ns5mlkdk9-shellcheck-0.10.0-doc",
              "default": true
            },
            {
              "name": "out",
              "path": "/nix/store/ch4cq7jdr08fm5anfwj9jr559v8lq5i2-shellcheck-0.10.0"
            }
          ],
          "store_path": "/nix/store/325gxaqj2jf8is7bl9l76xrg4lshm72f-shellcheck-0.10.0-bin"
        },
        "aarch64-linux": {
          "outputs": [
            {
              "name": "bin",
              "path": "/nix/store/yb6v9wm9d42xdgjw7s2vn4iv0p0qvd05-shellcheck-0.10.0-bin",
              "default": true
            },
            {
              "name": "man",
              "path": "/nix/store/q7fiw7hvhmnirv6c925sscwc4984rwf3-shellcheck-0.10.0-man",
              "default": true
            },
            {
              "name": "doc",
              "path": "/nix/store/hk2vyk916nadycvfwa1m1y70lrh218jl-shellcheck-0.10.0-doc",
              "default": true
            },
            {
              "name": "out",
              "path": "/nix/store/7jm454lj1y0cy90a843wj82ywr5fxmg5-shellcheck-0.10.0"
            }
          ],
          "store_path": "/nix/store/yb6v9wm9d42xdgjw7s2vn4iv0p0qvd05-shellcheck-0.10.0-bin"
        },
        "x86_64-darwin": {
          "outputs": [
            {
              "name": "bin",
              "path": "/nix/store/k17i8v7crc5hv7lzi490hjg40rc1xmvz-shellcheck-0.10.0-bin",
              "default": true
            },
            {
              "name": "man",
              "path": "/nix/store/cim6ifqys4d38wqx71gkiw9s7wm3m0vh-shellcheck-0.10.0-man",
              "default": true
            },
            {
              "name": "doc",
              "path": "/nix/store/hc649lnlbbwzy50kg81ib3h0bwadv70w-shellcheck-0.10.0-doc",
              "default": true
            },
            {
              "name": "out",
              "path": "/nix/store/vxih59dn7w40cny8v5r28ca5g8kmahvl-shellcheck-0.10.0"
            }
          ],
          "store_path": "/nix/store/k17i8v7crc5hv7lzi490hjg40rc1xmvz-shellcheck-0.10.0-bin"
        },
        "x86_64-linux": {
          "outputs": [
            {
              "name": "bin",
              "path": "/nix/store/zpsn5p7h5bkp6x8dwvlipgrqp9y57q7r-shellcheck-0.10.0-bin",
              "default": true
            },
            {
              "name": "man",
              "path": "/nix/store/div4481mhzjf4278aqv6bv3zcd0ms9q7-shellcheck-0.10.0-man",
              "default": true
            },
            {
              "name": "doc",
              "path": "/nix/store/nncljxvssag7w1krwbsl0yf8csvdy3y5-shellcheck-0.10.0-doc",
              "default": true
            },
            {
              "name": "out",
              "path": "/nix/store/7rs2gic77z9hjp5ssxf4vlwfqxq4qww6-shellcheck-0.10.0"
            }
          ],
          "store_path": "/nix/store/zpsn5p7h5bkp6x8dwvlipgrqp9y57q7r-shellcheck-0.10.0-bin"
        }
      }
    },
    "shfmt@3.12.0": {
      "last_modified": "2025-07-13T22:45:35Z",
      "resolved": "github:NixOS/nixpkgs/a421ac6595024edcfbb1ef950a3712b89161c359#shfmt",
      "source": "devbox-search",
      "version": "3.12.0",
      "systems": {
        "aarch64-darwin": {
          "outputs": [
            {
              "name": "out",
              "path": "/nix/store/xzmxlznj0y2j83ksfbnqfd5v15rbj6a8-shfmt-3.12.0",
              "default": true
            }
          ],
          "store_path": "/nix/store/xzmxlznj0y2j83ksfbnqfd5v15rbj6a8-shfmt-3.12.0"
        },
        "aarch64-linux": {
          "outputs": [
            {
              "name": "out",
              "path": "/nix/store/v0a8arcqf5cy7cw90kwafflcz4lsk1n1-shfmt-3.12.0",
              "default": true
            }
          ],
          "store_path": "/nix/store/v0a8arcqf5cy7cw90kwafflcz4lsk1n1-shfmt-3.12.0"
        },
        "x86_64-darwin": {
          "outputs": [
            {
              "name": "out",
              "path": "/nix/store/vly5dz0v0k9dhb0m1b3wyhr24y0w8cl0-shfmt-3.12.0",
              "default": true
            }
          ],
          "store_path": "/nix/store/vly5dz0v0k9dhb0m1b3wyhr24y0w8cl0-shfmt-3.12.0"
        },
        "x86_64-linux": {
          "outputs": [
            {
              "name": "out",
              "path": "/nix/store/wl4fzdd01426abdq2fpmnyihdw2nyqcx-shfmt-3.12.0",
              "default": true
            }
          ],
          "store_path": "/nix/store/wl4fzdd01426abdq2fpmnyihdw2nyqcx-shfmt-3.12.0"
        }
      }
    },
    "uv@0.7.20": {
      "last_modified": "2025-07-13T22:45:35Z",
      "resolved": "github:NixOS/nixpkgs/a421ac6595024edcfbb1ef950a3712b89161c359#uv",
      "source": "devbox-search",
      "version": "0.7.20",
      "systems": {
        "aarch64-darwin": {
          "outputs": [
            {
              "name": "out",
              "path": "/nix/store/8ci0rsgacxbxyir7mwknjdc8pi6rmp9z-uv-0.7.20",
              "default": true
            }
          ],
          "store_path": "/nix/store/8ci0rsgacxbxyir7mwknjdc8pi6rmp9z-uv-0.7.20"
        },
        "aarch64-linux": {
          "outputs": [
            {
              "name": "out",
              "path": "/nix/store/bi9hwz1fddjp005qnhkvr9qx92pssjpq-uv-0.7.20",
              "default": true
            }
          ],
          "store_path": "/nix/store/bi9hwz1fddjp005qnhkvr9qx92pssjpq-uv-0.7.20"
        },
        "x86_64-darwin": {
          "outputs": [
            {
              "name": "out",
              "path": "/nix/store/g6cb2jsk1hg056nbngk0pxa87dkm2634-uv-0.7.20",
              "default": true
            }
          ],
          "store_path": "/nix/store/g6cb2jsk1hg056nbngk0pxa87dkm2634-uv-0.7.20"
        },
        "x86_64-linux": {
          "outputs": [
            {
              "name": "out",
              "path": "/nix/store/i17kw12rrlgn8fp6hxw73lqi0jdcwmbs-uv-0.7.20",
              "default": true
            }
          ],
          "store_path": "/nix/store/i17kw12rrlgn8fp6hxw73lqi0jdcwmbs-uv-0.7.20"
        }
      }
    },
    "vendir@0.44.0": {
      "last_modified": "2025-05-16T20:19:48Z",
      "resolved": "github:NixOS/nixpkgs/12a55407652e04dcf2309436eb06fef0d3713ef3#vendir",
      "source": "devbox-search",
      "version": "0.44.0",
      "systems": {
        "aarch64-darwin": {
          "outputs": [
            {
              "name": "out",
              "path": "/nix/store/aalannf6731gfwlkam2w58xm790ylyg5-vendir-0.44.0",
              "default": true
            }
          ],
          "store_path": "/nix/store/aalannf6731gfwlkam2w58xm790ylyg5-vendir-0.44.0"
        },
        "aarch64-linux": {
          "outputs": [
            {
              "name": "out",
              "path": "/nix/store/jy6xl2mprj6d887ba6zk475bm5v3hr1n-vendir-0.44.0",
              "default": true
            }
          ],
          "store_path": "/nix/store/jy6xl2mprj6d887ba6zk475bm5v3hr1n-vendir-0.44.0"
        },
        "x86_64-darwin": {
          "outputs": [
            {
              "name": "out",
              "path": "/nix/store/61f318rigqq7wxmk2249d2dhf515h80w-vendir-0.44.0",
              "default": true
            }
          ],
          "store_path": "/nix/store/61f318rigqq7wxmk2249d2dhf515h80w-vendir-0.44.0"
        },
        "x86_64-linux": {
          "outputs": [
            {
              "name": "out",
              "path": "/nix/store/w16p7d9bwkbyshy0970mlspqvxxm42ki-vendir-0.44.0",
              "default": true
            }
          ],
          "store_path": "/nix/store/w16p7d9bwkbyshy0970mlspqvxxm42ki-vendir-0.44.0"
        }
      }
    }
  }
}
