{
  "lockfile_version": "1",
  "packages": {
    "_1password@latest": {
      "last_modified": "2024-10-26T22:05:23Z",
      "resolved": "github:NixOS/nixpkgs/86e78d3d2084ff87688da662cf78c2af085d8e73#_1password",
      "source": "devbox-search",
      "version": "2.30.0",
      "systems": {
        "aarch64-darwin": {
          "outputs": [
            {
              "name": "out",
              "path": "/nix/store/mmrryhcr5v1addp6xwwdyk3mj9a2dnff-1password-cli-2.30.0",
              "default": true
            }
          ],
          "store_path": "/nix/store/mmrryhcr5v1addp6xwwdyk3mj9a2dnff-1password-cli-2.30.0"
        },
        "aarch64-linux": {
          "outputs": [
            {
              "name": "out",
              "path": "/nix/store/b6m30bgb4vfd573zxn4iwl7ziv8zf0f4-1password-cli-2.30.0",
              "default": true
            }
          ],
          "store_path": "/nix/store/b6m30bgb4vfd573zxn4iwl7ziv8zf0f4-1password-cli-2.30.0"
        },
        "x86_64-darwin": {
          "outputs": [
            {
              "name": "out",
              "path": "/nix/store/8w5afy7pjciq84mxa6gjplrjnak8qaij-1password-cli-2.30.0",
              "default": true
            }
          ],
          "store_path": "/nix/store/8w5afy7pjciq84mxa6gjplrjnak8qaij-1password-cli-2.30.0"
        },
        "x86_64-linux": {
          "outputs": [
            {
              "name": "out",
              "path": "/nix/store/r7n8qm9ws7xh9vzqd8zp9cswmcp071y8-1password-cli-2.30.0",
              "default": true
            }
          ],
          "store_path": "/nix/store/r7n8qm9ws7xh9vzqd8zp9cswmcp071y8-1password-cli-2.30.0"
        }
      }
    },
    "ansible-lint@latest": {
      "last_modified": "2024-12-17T11:43:56Z",
      "resolved": "github:NixOS/nixpkgs/4989a246d7a390a859852baddb1013f825435cee#ansible-lint",
      "source": "devbox-search",
      "version": "24.9.2",
      "systems": {
        "aarch64-darwin": {
          "outputs": [
            {
              "name": "out",
              "path": "/nix/store/pyyi7hwxm1k4qvsjghwbddfgwpd6cdfr-ansible-lint-24.9.2",
              "default": true
            },
            {
              "name": "dist",
              "path": "/nix/store/v8mcgvfl67kv05sn4614rc2hxvqlshpr-ansible-lint-24.9.2-dist"
            }
          ],
          "store_path": "/nix/store/pyyi7hwxm1k4qvsjghwbddfgwpd6cdfr-ansible-lint-24.9.2"
        },
        "aarch64-linux": {
          "outputs": [
            {
              "name": "out",
              "path": "/nix/store/qyg71srxbm79k3q1pcbyn518slwzjj2s-ansible-lint-24.9.2",
              "default": true
            },
            {
              "name": "dist",
              "path": "/nix/store/5p4lj1mqs8r3ix0iikvq7l2rp8fm8bnb-ansible-lint-24.9.2-dist"
            }
          ],
          "store_path": "/nix/store/qyg71srxbm79k3q1pcbyn518slwzjj2s-ansible-lint-24.9.2"
        },
        "x86_64-darwin": {
          "outputs": [
            {
              "name": "out",
              "path": "/nix/store/rn2nfv1fz4klw24kmimp2s3byw7hshm5-ansible-lint-24.9.2",
              "default": true
            },
            {
              "name": "dist",
              "path": "/nix/store/7x0m2gbrrjhwwa33p299simivfkn9d34-ansible-lint-24.9.2-dist"
            }
          ],
          "store_path": "/nix/store/rn2nfv1fz4klw24kmimp2s3byw7hshm5-ansible-lint-24.9.2"
        },
        "x86_64-linux": {
          "outputs": [
            {
              "name": "out",
              "path": "/nix/store/3jsz5wwhwlfm1scnliq7v8hclx9k15k1-ansible-lint-24.9.2",
              "default": true
            },
            {
              "name": "dist",
              "path": "/nix/store/hj8l4mys10a1sf00cdgcbchxc9xcqwh2-ansible-lint-24.9.2-dist"
            }
          ],
          "store_path": "/nix/store/3jsz5wwhwlfm1scnliq7v8hclx9k15k1-ansible-lint-24.9.2"
        }
      }
    },
    "ansible@latest": {
      "last_modified": "2024-12-03T12:40:06Z",
      "resolved": "github:NixOS/nixpkgs/566e53c2ad750c84f6d31f9ccb9d00f823165550#ansible",
      "source": "devbox-search",
      "version": "2.17.6",
      "systems": {
        "aarch64-darwin": {
          "outputs": [
            {
              "name": "out",
              "path": "/nix/store/6kfsz5zlmp6v5fx3wnps5js389xxplyh-python3.12-ansible-core-2.17.6",
              "default": true
            },
            {
              "name": "dist",
              "path": "/nix/store/lfnq585gp82s8522xn2cdzrrpdh1lm0c-python3.12-ansible-core-2.17.6-dist"
            }
          ],
          "store_path": "/nix/store/6kfsz5zlmp6v5fx3wnps5js389xxplyh-python3.12-ansible-core-2.17.6"
        },
        "aarch64-linux": {
          "outputs": [
            {
              "name": "out",
              "path": "/nix/store/s3snij4p1plrjzfbqin87wxy6bxfdk9w-python3.12-ansible-core-2.17.6",
              "default": true
            },
            {
              "name": "dist",
              "path": "/nix/store/lmfn1h5nrxlc7h2a0kfvbh0qz7r4za3d-python3.12-ansible-core-2.17.6-dist"
            }
          ],
          "store_path": "/nix/store/s3snij4p1plrjzfbqin87wxy6bxfdk9w-python3.12-ansible-core-2.17.6"
        },
        "x86_64-darwin": {
          "outputs": [
            {
              "name": "out",
              "path": "/nix/store/29irpn3hj1mwfl7arr8ds6w83lxhqf9n-python3.12-ansible-core-2.17.6",
              "default": true
            },
            {
              "name": "dist",
              "path": "/nix/store/z65wkplazxqld1kqqqkc4rjz20ygxd6m-python3.12-ansible-core-2.17.6-dist"
            }
          ],
          "store_path": "/nix/store/29irpn3hj1mwfl7arr8ds6w83lxhqf9n-python3.12-ansible-core-2.17.6"
        },
        "x86_64-linux": {
          "outputs": [
            {
              "name": "out",
              "path": "/nix/store/qa1l5ydbij9hlz65ndd7kv9cxnkcz979-python3.12-ansible-core-2.17.6",
              "default": true
            },
            {
              "name": "dist",
              "path": "/nix/store/frcfadw6rrq9ncvacccvgzw92agkaxl0-python3.12-ansible-core-2.17.6-dist"
            }
          ],
          "store_path": "/nix/store/qa1l5ydbij9hlz65ndd7kv9cxnkcz979-python3.12-ansible-core-2.17.6"
        }
      }
    },
    "glibcLocales@latest": {
      "last_modified": "2024-12-03T12:40:06Z",
      "resolved": "github:NixOS/nixpkgs/566e53c2ad750c84f6d31f9ccb9d00f823165550#glibcLocales",
      "source": "devbox-search",
      "version": "2.40-36",
      "systems": {
        "aarch64-linux": {
          "outputs": [
            {
              "name": "out",
              "path": "/nix/store/jzxq24a1ljrb404d9z6jflaam849y27j-glibc-locales-2.40-36",
              "default": true
            }
          ],
          "store_path": "/nix/store/jzxq24a1ljrb404d9z6jflaam849y27j-glibc-locales-2.40-36"
        },
        "x86_64-linux": {
          "outputs": [
            {
              "name": "out",
              "path": "/nix/store/wcmn60d6c7cf18l8imadpydlv58z87g9-glibc-locales-2.40-36",
              "default": true
            }
          ],
          "store_path": "/nix/store/wcmn60d6c7cf18l8imadpydlv58z87g9-glibc-locales-2.40-36"
        }
      }
    },
    "gnumake@latest": {
      "last_modified": "2024-12-09T13:13:08Z",
      "resolved": "github:NixOS/nixpkgs/bc27f0fde01ce4e1bfec1ab122d72b7380278e68#gnumake",
      "source": "devbox-search",
      "version": "4.4.1",
      "systems": {
        "aarch64-darwin": {
          "outputs": [
            {
              "name": "out",
              "path": "/nix/store/j2mshll8lvgc21dbmjyfcvlj98z4pl2f-gnumake-4.4.1",
              "default": true
            },
            {
              "name": "man",
              "path": "/nix/store/xf2ipc0w3wr5ymqai8dm940sw3a7xk69-gnumake-4.4.1-man",
              "default": true
            },
            {
              "name": "info",
              "path": "/nix/store/1q1mx4697p2366yf45mhrsxm415gmvh8-gnumake-4.4.1-info"
            }
          ],
          "store_path": "/nix/store/j2mshll8lvgc21dbmjyfcvlj98z4pl2f-gnumake-4.4.1"
        },
        "aarch64-linux": {
          "outputs": [
            {
              "name": "out",
              "path": "/nix/store/zwyip85vjf7972r2q71vrx9fppv7j816-gnumake-4.4.1",
              "default": true
            },
            {
              "name": "man",
              "path": "/nix/store/kkpyxq7m54gqpf7z1kjm0fkgp2i748mh-gnumake-4.4.1-man",
              "default": true
            },
            {
              "name": "debug",
              "path": "/nix/store/djip0r8g0bhyspna7zs1wdx6kl29h8dz-gnumake-4.4.1-debug"
            },
            {
              "name": "info",
              "path": "/nix/store/l3k5d0h7b6rffm97rmvrxqsk1ybpk1vc-gnumake-4.4.1-info"
            }
          ],
          "store_path": "/nix/store/zwyip85vjf7972r2q71vrx9fppv7j816-gnumake-4.4.1"
        },
        "x86_64-darwin": {
          "outputs": [
            {
              "name": "out",
              "path": "/nix/store/rhra8sm6f4mlxg2p9qwr7cig1zlfwhgq-gnumake-4.4.1",
              "default": true
            },
            {
              "name": "man",
              "path": "/nix/store/2n5zqv14340b1d71gcvxg22kk6wgm09m-gnumake-4.4.1-man",
              "default": true
            },
            {
              "name": "info",
              "path": "/nix/store/rxrkjmfi95mzymfclx1szm61p3pygd6k-gnumake-4.4.1-info"
            }
          ],
          "store_path": "/nix/store/rhra8sm6f4mlxg2p9qwr7cig1zlfwhgq-gnumake-4.4.1"
        },
        "x86_64-linux": {
          "outputs": [
            {
              "name": "out",
              "path": "/nix/store/zmdi3226094qc355n9ffhp5an9shpp2d-gnumake-4.4.1",
              "default": true
            },
            {
              "name": "man",
              "path": "/nix/store/a5kmw72gkf1isyq6xakvmrkfsvqs0gcg-gnumake-4.4.1-man",
              "default": true
            },
            {
              "name": "debug",
              "path": "/nix/store/9q813q8jf9gni01rv1s482mpqh78l806-gnumake-4.4.1-debug"
            },
            {
              "name": "info",
              "path": "/nix/store/cpnb2dpvx8ilq1y2h9cpm4zrsyi1gd4a-gnumake-4.4.1-info"
            }
          ],
          "store_path": "/nix/store/zmdi3226094qc355n9ffhp5an9shpp2d-gnumake-4.4.1"
        }
      }
    },
    "nodePackages.prettier@latest": {
      "last_modified": "2024-12-03T12:40:06Z",
      "resolved": "github:NixOS/nixpkgs/566e53c2ad750c84f6d31f9ccb9d00f823165550#nodePackages.prettier",
      "source": "devbox-search",
      "version": "3.3.3",
      "systems": {
        "aarch64-darwin": {
          "outputs": [
            {
              "name": "out",
              "path": "/nix/store/7pxp75fm4irpf171n6ssw4w5lrsfqc45-prettier-3.3.3",
              "default": true
            }
          ],
          "store_path": "/nix/store/7pxp75fm4irpf171n6ssw4w5lrsfqc45-prettier-3.3.3"
        },
        "aarch64-linux": {
          "outputs": [
            {
              "name": "out",
              "path": "/nix/store/zhdcf0gw597ng89amfnb0z53bgr1hpgi-prettier-3.3.3",
              "default": true
            }
          ],
          "store_path": "/nix/store/zhdcf0gw597ng89amfnb0z53bgr1hpgi-prettier-3.3.3"
        },
        "x86_64-darwin": {
          "outputs": [
            {
              "name": "out",
              "path": "/nix/store/q3r8ahxdxagah95lqpr2sk86xsiv0x6b-prettier-3.3.3",
              "default": true
            }
          ],
          "store_path": "/nix/store/q3r8ahxdxagah95lqpr2sk86xsiv0x6b-prettier-3.3.3"
        },
        "x86_64-linux": {
          "outputs": [
            {
              "name": "out",
              "path": "/nix/store/2s17mrby0ph00z22rkabfs9vzpzx1r70-prettier-3.3.3",
              "default": true
            }
          ],
          "store_path": "/nix/store/2s17mrby0ph00z22rkabfs9vzpzx1r70-prettier-3.3.3"
        }
      }
    },
    "pre-commit@latest": {
      "last_modified": "2024-12-11T16:51:25Z",
      "resolved": "github:NixOS/nixpkgs/5a48e3c2e435e95103d56590188cfed7b70e108c#pre-commit",
      "source": "devbox-search",
      "version": "4.0.1",
      "systems": {
        "aarch64-darwin": {
          "outputs": [
            {
              "name": "out",
              "path": "/nix/store/jbh4llinhndf7h57plssg0ms40f4fk7y-pre-commit-4.0.1",
              "default": true
            },
            {
              "name": "dist",
              "path": "/nix/store/zmsci0rj7a6x7zjz55vymljad5sswyrf-pre-commit-4.0.1-dist"
            }
          ],
          "store_path": "/nix/store/jbh4llinhndf7h57plssg0ms40f4fk7y-pre-commit-4.0.1"
        },
        "aarch64-linux": {
          "outputs": [
            {
              "name": "out",
              "path": "/nix/store/vpzshjjwb4s9cfawv3g29zlagzl5lsb8-pre-commit-4.0.1",
              "default": true
            },
            {
              "name": "dist",
              "path": "/nix/store/hsw0bqhqwv8d8qb2228piyvxj2gdzl0z-pre-commit-4.0.1-dist"
            }
          ],
          "store_path": "/nix/store/vpzshjjwb4s9cfawv3g29zlagzl5lsb8-pre-commit-4.0.1"
        },
        "x86_64-darwin": {
          "outputs": [
            {
              "name": "out",
              "path": "/nix/store/kx7jzp4ypyx763n3l5rj9yks2p8x0ihy-pre-commit-4.0.1",
              "default": true
            },
            {
              "name": "dist",
              "path": "/nix/store/3m6i4wvfb9lkfx624976ggrghv9qbkvm-pre-commit-4.0.1-dist"
            }
          ],
          "store_path": "/nix/store/kx7jzp4ypyx763n3l5rj9yks2p8x0ihy-pre-commit-4.0.1"
        },
        "x86_64-linux": {
          "outputs": [
            {
              "name": "out",
              "path": "/nix/store/93i4sz47hjv2zgyjg3mnqv73bq9maw6x-pre-commit-4.0.1",
              "default": true
            },
            {
              "name": "dist",
              "path": "/nix/store/0qqa4xv9igqg2s5n6lymzg6ialmn0mri-pre-commit-4.0.1-dist"
            }
          ],
          "store_path": "/nix/store/93i4sz47hjv2zgyjg3mnqv73bq9maw6x-pre-commit-4.0.1"
        }
      }
    },
    "python312Packages.hcloud@latest": {
      "last_modified": "2024-12-03T12:40:06Z",
      "resolved": "github:NixOS/nixpkgs/566e53c2ad750c84f6d31f9ccb9d00f823165550#python312Packages.hcloud",
      "source": "devbox-search",
      "version": "2.3.0",
      "systems": {
        "aarch64-darwin": {
          "outputs": [
            {
              "name": "out",
              "path": "/nix/store/6xvjnahm2x7k05wwb0shsciwm9vfw3xj-python3.12-hcloud-2.3.0",
              "default": true
            },
            {
              "name": "dist",
              "path": "/nix/store/bsgqn7d0bdz9ldplx789pck3k89v6y7c-python3.12-hcloud-2.3.0-dist"
            }
          ],
          "store_path": "/nix/store/6xvjnahm2x7k05wwb0shsciwm9vfw3xj-python3.12-hcloud-2.3.0"
        },
        "aarch64-linux": {
          "outputs": [
            {
              "name": "out",
              "path": "/nix/store/m0jn867z128lhsi9dh0iqg8sk7gg3r9a-python3.12-hcloud-2.3.0",
              "default": true
            },
            {
              "name": "dist",
              "path": "/nix/store/0bk7kfbyybxk2ik9pz3a4zxlmsibvj2y-python3.12-hcloud-2.3.0-dist"
            }
          ],
          "store_path": "/nix/store/m0jn867z128lhsi9dh0iqg8sk7gg3r9a-python3.12-hcloud-2.3.0"
        },
        "x86_64-darwin": {
          "outputs": [
            {
              "name": "out",
              "path": "/nix/store/8zw91pn6qwk37hz8ccg430ab6d9khvch-python3.12-hcloud-2.3.0",
              "default": true
            },
            {
              "name": "dist",
              "path": "/nix/store/jhqsx21wd8byw4s2c38k19qc7dglb2mm-python3.12-hcloud-2.3.0-dist"
            }
          ],
          "store_path": "/nix/store/8zw91pn6qwk37hz8ccg430ab6d9khvch-python3.12-hcloud-2.3.0"
        },
        "x86_64-linux": {
          "outputs": [
            {
              "name": "out",
              "path": "/nix/store/g37mlh706ayzvyq9kl88ccrsrj6a3mcn-python3.12-hcloud-2.3.0",
              "default": true
            },
            {
              "name": "dist",
              "path": "/nix/store/1vxvkm3ggc4ckn058g6hgwdfc7bj0gyz-python3.12-hcloud-2.3.0-dist"
            }
          ],
          "store_path": "/nix/store/g37mlh706ayzvyq9kl88ccrsrj6a3mcn-python3.12-hcloud-2.3.0"
        }
      }
    },
    "shellcheck@latest": {
      "last_modified": "2024-12-03T12:40:06Z",
      "resolved": "github:NixOS/nixpkgs/566e53c2ad750c84f6d31f9ccb9d00f823165550#shellcheck",
      "source": "devbox-search",
      "version": "0.10.0",
      "systems": {
        "aarch64-darwin": {
          "outputs": [
            {
              "name": "bin",
              "path": "/nix/store/vbk29hlm6366ypf7sjpmhqfq77fci4hk-shellcheck-0.10.0-bin",
              "default": true
            },
            {
              "name": "man",
              "path": "/nix/store/9y8j1pjnbm4x63jfwr2457ari50bcwkq-shellcheck-0.10.0-man",
              "default": true
            },
            {
              "name": "doc",
              "path": "/nix/store/r2h67i2vlh2z3i6a95a6cq7aga8n5lai-shellcheck-0.10.0-doc",
              "default": true
            },
            {
              "name": "out",
              "path": "/nix/store/mppnnmgsnvl7hy2day2cpbb3synwnvz9-shellcheck-0.10.0"
            }
          ],
          "store_path": "/nix/store/vbk29hlm6366ypf7sjpmhqfq77fci4hk-shellcheck-0.10.0-bin"
        },
        "aarch64-linux": {
          "outputs": [
            {
              "name": "bin",
              "path": "/nix/store/fkz7am1s3fdfr24ni5iqs53p2rx1mcrq-shellcheck-0.10.0-bin",
              "default": true
            },
            {
              "name": "man",
              "path": "/nix/store/5iannl2l8jxag2jwwygdkrn4wp1m3yqv-shellcheck-0.10.0-man",
              "default": true
            },
            {
              "name": "doc",
              "path": "/nix/store/zp6f4k3wx26d290i27768sqdybcwmfhi-shellcheck-0.10.0-doc",
              "default": true
            },
            {
              "name": "out",
              "path": "/nix/store/10ds0r2d0a3hs0fp2rh38sqrv9sg4j97-shellcheck-0.10.0"
            }
          ],
          "store_path": "/nix/store/fkz7am1s3fdfr24ni5iqs53p2rx1mcrq-shellcheck-0.10.0-bin"
        },
        "x86_64-darwin": {
          "outputs": [
            {
              "name": "bin",
              "path": "/nix/store/hhfk0hgd4y8lcncda7r85p8g1y9nrzdj-shellcheck-0.10.0-bin",
              "default": true
            },
            {
              "name": "man",
              "path": "/nix/store/f3qsf0xy3gv2ccasiw4zsjlxyhk033py-shellcheck-0.10.0-man",
              "default": true
            },
            {
              "name": "doc",
              "path": "/nix/store/75k20q307lcs8w5fm15ddxns7f8lm57v-shellcheck-0.10.0-doc",
              "default": true
            },
            {
              "name": "out",
              "path": "/nix/store/qkflkslq2j6v4jnax2fqdf5dj3ym8ipx-shellcheck-0.10.0"
            }
          ],
          "store_path": "/nix/store/hhfk0hgd4y8lcncda7r85p8g1y9nrzdj-shellcheck-0.10.0-bin"
        },
        "x86_64-linux": {
          "outputs": [
            {
              "name": "bin",
              "path": "/nix/store/ssr5xilyw2fn1bha56fga0qh3ckkzlsl-shellcheck-0.10.0-bin",
              "default": true
            },
            {
              "name": "man",
              "path": "/nix/store/i9asjk43k5xl8lkar25918w6713p74ry-shellcheck-0.10.0-man",
              "default": true
            },
            {
              "name": "doc",
              "path": "/nix/store/z1ql83k1sgqdpdql5ljr9dawhaz4xl9p-shellcheck-0.10.0-doc",
              "default": true
            },
            {
              "name": "out",
              "path": "/nix/store/4gf2k04bcr4wgxysv69kwlqrmhh6bmfn-shellcheck-0.10.0"
            }
          ],
          "store_path": "/nix/store/ssr5xilyw2fn1bha56fga0qh3ckkzlsl-shellcheck-0.10.0-bin"
        }
      }
    },
    "shfmt@latest": {
      "last_modified": "2024-12-03T12:40:06Z",
      "resolved": "github:NixOS/nixpkgs/566e53c2ad750c84f6d31f9ccb9d00f823165550#shfmt",
      "source": "devbox-search",
      "version": "3.10.0",
      "systems": {
        "aarch64-darwin": {
          "outputs": [
            {
              "name": "out",
              "path": "/nix/store/15w35vvp5yw4hyl35scdfw3j5p90byi5-shfmt-3.10.0",
              "default": true
            }
          ],
          "store_path": "/nix/store/15w35vvp5yw4hyl35scdfw3j5p90byi5-shfmt-3.10.0"
        },
        "aarch64-linux": {
          "outputs": [
            {
              "name": "out",
              "path": "/nix/store/vaxmnyyzkj34r4rl8ljd0b7775qzqhkr-shfmt-3.10.0",
              "default": true
            }
          ],
          "store_path": "/nix/store/vaxmnyyzkj34r4rl8ljd0b7775qzqhkr-shfmt-3.10.0"
        },
        "x86_64-darwin": {
          "outputs": [
            {
              "name": "out",
              "path": "/nix/store/i7fp0h1l3f6h4cizmc0yzhz5mh0dczmc-shfmt-3.10.0",
              "default": true
            }
          ],
          "store_path": "/nix/store/i7fp0h1l3f6h4cizmc0yzhz5mh0dczmc-shfmt-3.10.0"
        },
        "x86_64-linux": {
          "outputs": [
            {
              "name": "out",
              "path": "/nix/store/4x3zrm2z11sqxp81zd51zvalkhkw744l-shfmt-3.10.0",
              "default": true
            }
          ],
          "store_path": "/nix/store/4x3zrm2z11sqxp81zd51zvalkhkw744l-shfmt-3.10.0"
        }
      }
    },
    "vendir@latest": {
      "last_modified": "2024-12-11T16:51:25Z",
      "resolved": "github:NixOS/nixpkgs/5a48e3c2e435e95103d56590188cfed7b70e108c#vendir",
      "source": "devbox-search",
      "version": "0.43.0",
      "systems": {
        "aarch64-darwin": {
          "outputs": [
            {
              "name": "out",
              "path": "/nix/store/44vwsclhxvalvkxbiyj8s8lfyvjwnisx-vendir-0.43.0",
              "default": true
            }
          ],
          "store_path": "/nix/store/44vwsclhxvalvkxbiyj8s8lfyvjwnisx-vendir-0.43.0"
        },
        "aarch64-linux": {
          "outputs": [
            {
              "name": "out",
              "path": "/nix/store/c337w8vmhbpalmfi17smnas9hkssw8cw-vendir-0.43.0",
              "default": true
            }
          ],
          "store_path": "/nix/store/c337w8vmhbpalmfi17smnas9hkssw8cw-vendir-0.43.0"
        },
        "x86_64-darwin": {
          "outputs": [
            {
              "name": "out",
              "path": "/nix/store/14242wkiy57wva0z7hymhp8kddji0wvk-vendir-0.43.0",
              "default": true
            }
          ],
          "store_path": "/nix/store/14242wkiy57wva0z7hymhp8kddji0wvk-vendir-0.43.0"
        },
        "x86_64-linux": {
          "outputs": [
            {
              "name": "out",
              "path": "/nix/store/vm855qafgpkfxj2jdag0y32harsc8c1r-vendir-0.43.0",
              "default": true
            }
          ],
          "store_path": "/nix/store/vm855qafgpkfxj2jdag0y32harsc8c1r-vendir-0.43.0"
        }
      }
    }
  }
}
