{
  "lockfile_version": "1",
  "packages": {
    "_1password@latest": {
      "last_modified": "2024-10-26T22:05:23Z",
      "resolved": "github:NixOS/nixpkgs/86e78d3d2084ff87688da662cf78c2af085d8e73#_1password",
      "source": "devbox-search",
      "version": "2.30.0",
      "systems": {
        "aarch64-darwin": {
          "outputs": [
            {
              "name": "out",
              "path": "/nix/store/mmrryhcr5v1addp6xwwdyk3mj9a2dnff-1password-cli-2.30.0",
              "default": true
            }
          ],
          "store_path": "/nix/store/mmrryhcr5v1addp6xwwdyk3mj9a2dnff-1password-cli-2.30.0"
        },
        "aarch64-linux": {
          "outputs": [
            {
              "name": "out",
              "path": "/nix/store/b6m30bgb4vfd573zxn4iwl7ziv8zf0f4-1password-cli-2.30.0",
              "default": true
            }
          ],
          "store_path": "/nix/store/b6m30bgb4vfd573zxn4iwl7ziv8zf0f4-1password-cli-2.30.0"
        },
        "x86_64-darwin": {
          "outputs": [
            {
              "name": "out",
              "path": "/nix/store/8w5afy7pjciq84mxa6gjplrjnak8qaij-1password-cli-2.30.0",
              "default": true
            }
          ],
          "store_path": "/nix/store/8w5afy7pjciq84mxa6gjplrjnak8qaij-1password-cli-2.30.0"
        },
        "x86_64-linux": {
          "outputs": [
            {
              "name": "out",
              "path": "/nix/store/r7n8qm9ws7xh9vzqd8zp9cswmcp071y8-1password-cli-2.30.0",
              "default": true
            }
          ],
          "store_path": "/nix/store/r7n8qm9ws7xh9vzqd8zp9cswmcp071y8-1password-cli-2.30.0"
        }
      }
    },
    "ansible-lint@latest": {
      "last_modified": "2025-01-15T12:23:19Z",
      "resolved": "github:NixOS/nixpkgs/ae2fb9f1fb5fcf17fb59f25c2a881c170c501d6f#ansible-lint",
      "source": "devbox-search",
      "version": "24.12.2",
      "systems": {
        "aarch64-darwin": {
          "outputs": [
            {
              "name": "out",
              "path": "/nix/store/f5icycp7g1j55mlka8abmjgr7v2lwh9q-ansible-lint-24.12.2",
              "default": true
            },
            {
              "name": "dist",
              "path": "/nix/store/6c85aqy28dpnsyhmh5vgf8j2ldzz4d2p-ansible-lint-24.12.2-dist"
            }
          ],
          "store_path": "/nix/store/f5icycp7g1j55mlka8abmjgr7v2lwh9q-ansible-lint-24.12.2"
        },
        "aarch64-linux": {
          "outputs": [
            {
              "name": "out",
              "path": "/nix/store/0ylf879wi3529rlhvb5v1hs1hrzvwnc1-ansible-lint-24.12.2",
              "default": true
            },
            {
              "name": "dist",
              "path": "/nix/store/lcvgiibaf684ij1fnxczziyyc0vlac9a-ansible-lint-24.12.2-dist"
            }
          ],
          "store_path": "/nix/store/0ylf879wi3529rlhvb5v1hs1hrzvwnc1-ansible-lint-24.12.2"
        },
        "x86_64-darwin": {
          "outputs": [
            {
              "name": "out",
              "path": "/nix/store/7qiljx73d0965gz4l7j3clikd0h0cmk6-ansible-lint-24.12.2",
              "default": true
            },
            {
              "name": "dist",
              "path": "/nix/store/m1ch5aij64py7b6gsq30asr8s6z0v4yv-ansible-lint-24.12.2-dist"
            }
          ],
          "store_path": "/nix/store/7qiljx73d0965gz4l7j3clikd0h0cmk6-ansible-lint-24.12.2"
        },
        "x86_64-linux": {
          "outputs": [
            {
              "name": "out",
              "path": "/nix/store/x6kkaawskh4z2ybdyxpr9v92h3qg9iq6-ansible-lint-24.12.2",
              "default": true
            },
            {
              "name": "dist",
              "path": "/nix/store/sqhd3qhxfnpgyaw6bqn6hyd5mgx4r9g6-ansible-lint-24.12.2-dist"
            }
          ],
          "store_path": "/nix/store/x6kkaawskh4z2ybdyxpr9v92h3qg9iq6-ansible-lint-24.12.2"
        }
      }
    },
    "ansible@latest": {
      "last_modified": "2025-01-15T12:23:19Z",
      "resolved": "github:NixOS/nixpkgs/ae2fb9f1fb5fcf17fb59f25c2a881c170c501d6f#ansible",
      "source": "devbox-search",
      "version": "2.18.1",
      "systems": {
        "aarch64-darwin": {
          "outputs": [
            {
              "name": "out",
              "path": "/nix/store/r8viz1g2jns0kbs6jbb2nbmyfwq5a6pc-python3.12-ansible-core-2.18.1",
              "default": true
            },
            {
              "name": "dist",
              "path": "/nix/store/6xssqmn60qjs69glqn9c319wh20l8wbb-python3.12-ansible-core-2.18.1-dist"
            }
          ],
          "store_path": "/nix/store/r8viz1g2jns0kbs6jbb2nbmyfwq5a6pc-python3.12-ansible-core-2.18.1"
        },
        "aarch64-linux": {
          "outputs": [
            {
              "name": "out",
              "path": "/nix/store/sy7gms5ijdhh1ws30xfrr6b00yxqaldf-python3.12-ansible-core-2.18.1",
              "default": true
            },
            {
              "name": "dist",
              "path": "/nix/store/2y2fa6f0rp996qsxaf0jl6r08jy3jwic-python3.12-ansible-core-2.18.1-dist"
            }
          ],
          "store_path": "/nix/store/sy7gms5ijdhh1ws30xfrr6b00yxqaldf-python3.12-ansible-core-2.18.1"
        },
        "x86_64-darwin": {
          "outputs": [
            {
              "name": "out",
              "path": "/nix/store/gnlna7nzj8jvf3jpk2rk9dmarzi8l604-python3.12-ansible-core-2.18.1",
              "default": true
            },
            {
              "name": "dist",
              "path": "/nix/store/nvvv5azi3sy3d538f1pffnx8h8ddp564-python3.12-ansible-core-2.18.1-dist"
            }
          ],
          "store_path": "/nix/store/gnlna7nzj8jvf3jpk2rk9dmarzi8l604-python3.12-ansible-core-2.18.1"
        },
        "x86_64-linux": {
          "outputs": [
            {
              "name": "out",
              "path": "/nix/store/wdh4w7i2bd7v31qfki9kdkh1p4crpfw3-python3.12-ansible-core-2.18.1",
              "default": true
            },
            {
              "name": "dist",
              "path": "/nix/store/lscbmck2yf0icw8hswibpwj7isqplj6m-python3.12-ansible-core-2.18.1-dist"
            }
          ],
          "store_path": "/nix/store/wdh4w7i2bd7v31qfki9kdkh1p4crpfw3-python3.12-ansible-core-2.18.1"
        }
      }
    },
    "glibcLocales@latest": {
      "last_modified": "2024-12-23T21:10:33Z",
      "resolved": "github:NixOS/nixpkgs/de1864217bfa9b5845f465e771e0ecb48b30e02d#glibcLocales",
      "source": "devbox-search",
      "version": "2.40-36",
      "systems": {
        "aarch64-linux": {
          "outputs": [
            {
              "name": "out",
              "path": "/nix/store/h1yl2bnydhx74p05rgrqy6ym6b9ff7xr-glibc-locales-2.40-36",
              "default": true
            }
          ],
          "store_path": "/nix/store/h1yl2bnydhx74p05rgrqy6ym6b9ff7xr-glibc-locales-2.40-36"
        },
        "x86_64-linux": {
          "outputs": [
            {
              "name": "out",
              "path": "/nix/store/zxvw9nq9y9hiwpxmjxmkyl642dphjdv5-glibc-locales-2.40-36",
              "default": true
            }
          ],
          "store_path": "/nix/store/zxvw9nq9y9hiwpxmjxmkyl642dphjdv5-glibc-locales-2.40-36"
        }
      }
    },
    "gnumake@latest": {
      "last_modified": "2025-01-18T13:09:02Z",
      "resolved": "github:NixOS/nixpkgs/5223d4097bb2c9e89d133f61f898df611d5ea3ca#gnumake",
      "source": "devbox-search",
      "version": "4.4.1",
      "systems": {
        "aarch64-darwin": {
          "outputs": [
            {
              "name": "out",
              "path": "/nix/store/kz7hhivh19j3fswz9i5knbq3xwsy7sp5-gnumake-4.4.1",
              "default": true
            },
            {
              "name": "man",
              "path": "/nix/store/8ndq9xqci1861y6fb97xgm90qxq3m9lj-gnumake-4.4.1-man",
              "default": true
            },
            {
              "name": "info",
              "path": "/nix/store/8677qdd03vfyb4zl9jqa1l3gf5nn42l0-gnumake-4.4.1-info"
            }
          ],
          "store_path": "/nix/store/kz7hhivh19j3fswz9i5knbq3xwsy7sp5-gnumake-4.4.1"
        },
        "aarch64-linux": {
          "outputs": [
            {
              "name": "out",
              "path": "/nix/store/vdn3rar5zcrg0mh406h4abq3w2d12hy2-gnumake-4.4.1",
              "default": true
            },
            {
              "name": "man",
              "path": "/nix/store/rim19s0wcffh71ma2bgm0hifpr71p3dz-gnumake-4.4.1-man",
              "default": true
            },
            {
              "name": "debug",
              "path": "/nix/store/gfsbcjrv2lxgipzsn3a65flqll44ihis-gnumake-4.4.1-debug"
            },
            {
              "name": "info",
              "path": "/nix/store/hnkqb83x19qv9hwa8l5vkvv2y21yps32-gnumake-4.4.1-info"
            }
          ],
          "store_path": "/nix/store/vdn3rar5zcrg0mh406h4abq3w2d12hy2-gnumake-4.4.1"
        },
        "x86_64-darwin": {
          "outputs": [
            {
              "name": "out",
              "path": "/nix/store/i68j153lqxkvyhflqip2lqxy9zqsf6k2-gnumake-4.4.1",
              "default": true
            },
            {
              "name": "man",
              "path": "/nix/store/mfcp0r854jpqn1vckhycabla9mwzfsff-gnumake-4.4.1-man",
              "default": true
            },
            {
              "name": "info",
              "path": "/nix/store/a0k03x1jwp180cwppi1yqd8h535p5ck6-gnumake-4.4.1-info"
            }
          ],
          "store_path": "/nix/store/i68j153lqxkvyhflqip2lqxy9zqsf6k2-gnumake-4.4.1"
        },
        "x86_64-linux": {
          "outputs": [
            {
              "name": "out",
              "path": "/nix/store/nmj7y4f9zkbzsb51wbnbf2yksa4ncprj-gnumake-4.4.1",
              "default": true
            },
            {
              "name": "man",
              "path": "/nix/store/4dwhf5vn36rxg6xk98qsswyhvzywqdh9-gnumake-4.4.1-man",
              "default": true
            },
            {
              "name": "debug",
              "path": "/nix/store/6vzw9g0p9n5467agw5z4l68xbwpzr79x-gnumake-4.4.1-debug"
            },
            {
              "name": "info",
              "path": "/nix/store/1cw85sbjpl43k7qdwhpcmz63rq0f54jc-gnumake-4.4.1-info"
            }
          ],
          "store_path": "/nix/store/nmj7y4f9zkbzsb51wbnbf2yksa4ncprj-gnumake-4.4.1"
        }
      }
    },
    "nodePackages.prettier@latest": {
      "last_modified": "2024-12-23T21:10:33Z",
      "resolved": "github:NixOS/nixpkgs/de1864217bfa9b5845f465e771e0ecb48b30e02d#nodePackages.prettier",
      "source": "devbox-search",
      "version": "3.3.3",
      "systems": {
        "aarch64-darwin": {
          "outputs": [
            {
              "name": "out",
              "path": "/nix/store/9pvl3hn93mp8svhqgwvk9ri9c98z4hps-prettier-3.3.3",
              "default": true
            }
          ],
          "store_path": "/nix/store/9pvl3hn93mp8svhqgwvk9ri9c98z4hps-prettier-3.3.3"
        },
        "aarch64-linux": {
          "outputs": [
            {
              "name": "out",
              "path": "/nix/store/afinxqbijp7ydcavy8ivxrjb0sqxlmsg-prettier-3.3.3",
              "default": true
            }
          ],
          "store_path": "/nix/store/afinxqbijp7ydcavy8ivxrjb0sqxlmsg-prettier-3.3.3"
        },
        "x86_64-darwin": {
          "outputs": [
            {
              "name": "out",
              "path": "/nix/store/25rf0d9n2kh16fj2n1y4nprsybj7cwh2-prettier-3.3.3",
              "default": true
            }
          ],
          "store_path": "/nix/store/25rf0d9n2kh16fj2n1y4nprsybj7cwh2-prettier-3.3.3"
        },
        "x86_64-linux": {
          "outputs": [
            {
              "name": "out",
              "path": "/nix/store/izx5dss5sljcbs6w3kqy943cckh3n999-prettier-3.3.3",
              "default": true
            }
          ],
          "store_path": "/nix/store/izx5dss5sljcbs6w3kqy943cckh3n999-prettier-3.3.3"
        }
      }
    },
    "pre-commit@latest": {
      "last_modified": "2025-01-19T08:16:51Z",
      "resolved": "github:NixOS/nixpkgs/50165c4f7eb48ce82bd063e1fb8047a0f515f8ce#pre-commit",
      "source": "devbox-search",
      "version": "4.0.1",
      "systems": {
        "aarch64-darwin": {
          "outputs": [
            {
              "name": "out",
              "path": "/nix/store/yrvj71mmaqlsy3kgsi9dwi6r45z0276k-pre-commit-4.0.1",
              "default": true
            },
            {
              "name": "dist",
              "path": "/nix/store/v8q5k1775xb87zj4dgxpbc656vha3mkg-pre-commit-4.0.1-dist"
            }
          ],
          "store_path": "/nix/store/yrvj71mmaqlsy3kgsi9dwi6r45z0276k-pre-commit-4.0.1"
        },
        "aarch64-linux": {
          "outputs": [
            {
              "name": "out",
              "path": "/nix/store/ajy3kf03maa564l2l0jqvgs7plw0dma9-pre-commit-4.0.1",
              "default": true
            },
            {
              "name": "dist",
              "path": "/nix/store/fzc8p64gaidhmvn0v11ky5h01jkhc5my-pre-commit-4.0.1-dist"
            }
          ],
          "store_path": "/nix/store/ajy3kf03maa564l2l0jqvgs7plw0dma9-pre-commit-4.0.1"
        },
        "x86_64-darwin": {
          "outputs": [
            {
              "name": "out",
              "path": "/nix/store/9if5395ypzra8wv10qywyx74aq4abk2n-pre-commit-4.0.1",
              "default": true
            },
            {
              "name": "dist",
              "path": "/nix/store/ixc8jnpf445cvf799hn6nhm9iracksn5-pre-commit-4.0.1-dist"
            }
          ],
          "store_path": "/nix/store/9if5395ypzra8wv10qywyx74aq4abk2n-pre-commit-4.0.1"
        },
        "x86_64-linux": {
          "outputs": [
            {
              "name": "out",
              "path": "/nix/store/pvabsm1cz8h85ryxa9hhyifx9wyn4zln-pre-commit-4.0.1",
              "default": true
            },
            {
              "name": "dist",
              "path": "/nix/store/fcdjgn6fawj6sjb2m8ay9xf255wnld2w-pre-commit-4.0.1-dist"
            }
          ],
          "store_path": "/nix/store/pvabsm1cz8h85ryxa9hhyifx9wyn4zln-pre-commit-4.0.1"
        }
      }
    },
    "python312Packages.hcloud@latest": {
      "last_modified": "2024-12-23T21:10:33Z",
      "resolved": "github:NixOS/nixpkgs/de1864217bfa9b5845f465e771e0ecb48b30e02d#python312Packages.hcloud",
      "source": "devbox-search",
      "version": "2.3.0",
      "systems": {
        "aarch64-darwin": {
          "outputs": [
            {
              "name": "out",
              "path": "/nix/store/h47ll4xf4x52g17jjmlawp3068gh8yx3-python3.12-hcloud-2.3.0",
              "default": true
            },
            {
              "name": "dist",
              "path": "/nix/store/143gx1m0jkpq8xr3d6l6qwansw13b13a-python3.12-hcloud-2.3.0-dist"
            }
          ],
          "store_path": "/nix/store/h47ll4xf4x52g17jjmlawp3068gh8yx3-python3.12-hcloud-2.3.0"
        },
        "aarch64-linux": {
          "outputs": [
            {
              "name": "out",
              "path": "/nix/store/c01qz4zjpw4gqf52nq96ami2zhv0absk-python3.12-hcloud-2.3.0",
              "default": true
            },
            {
              "name": "dist",
              "path": "/nix/store/rmrnzh3kx0dmlxj2nipxn5kzi823pyng-python3.12-hcloud-2.3.0-dist"
            }
          ],
          "store_path": "/nix/store/c01qz4zjpw4gqf52nq96ami2zhv0absk-python3.12-hcloud-2.3.0"
        },
        "x86_64-darwin": {
          "outputs": [
            {
              "name": "out",
              "path": "/nix/store/fyhsqsgp11lycx1qx3h44cis5j5rky9h-python3.12-hcloud-2.3.0",
              "default": true
            },
            {
              "name": "dist",
              "path": "/nix/store/mag6iwak5r4x1grfd5gbmnjqy50pg8bc-python3.12-hcloud-2.3.0-dist"
            }
          ],
          "store_path": "/nix/store/fyhsqsgp11lycx1qx3h44cis5j5rky9h-python3.12-hcloud-2.3.0"
        },
        "x86_64-linux": {
          "outputs": [
            {
              "name": "out",
              "path": "/nix/store/1h99hfgvkjpjkfqc8xl5psyrirlpgi68-python3.12-hcloud-2.3.0",
              "default": true
            },
            {
              "name": "dist",
              "path": "/nix/store/643jsi3m8bpdizq433pvhmpz5cq0b9dw-python3.12-hcloud-2.3.0-dist"
            }
          ],
          "store_path": "/nix/store/1h99hfgvkjpjkfqc8xl5psyrirlpgi68-python3.12-hcloud-2.3.0"
        }
      }
    },
    "shellcheck@latest": {
      "last_modified": "2024-12-23T21:10:33Z",
      "resolved": "github:NixOS/nixpkgs/de1864217bfa9b5845f465e771e0ecb48b30e02d#shellcheck",
      "source": "devbox-search",
      "version": "0.10.0",
      "systems": {
        "aarch64-darwin": {
          "outputs": [
            {
              "name": "bin",
              "path": "/nix/store/3dxs66z95mafvn1dsqhg4f0zlz8b4cqv-shellcheck-0.10.0-bin",
              "default": true
            },
            {
              "name": "man",
              "path": "/nix/store/jvv73bnrkjyq2c615i0ck9svl6pf0k2g-shellcheck-0.10.0-man",
              "default": true
            },
            {
              "name": "doc",
              "path": "/nix/store/y1jpdlkaxxsgj6xikq1zlw81mdn3la43-shellcheck-0.10.0-doc",
              "default": true
            },
            {
              "name": "out",
              "path": "/nix/store/9gd0zysiiq4m4mxxvnxr73ic2h99a7a1-shellcheck-0.10.0"
            }
          ],
          "store_path": "/nix/store/3dxs66z95mafvn1dsqhg4f0zlz8b4cqv-shellcheck-0.10.0-bin"
        },
        "aarch64-linux": {
          "outputs": [
            {
              "name": "bin",
              "path": "/nix/store/d9pyyl4zz5vhdd1ja1rij8rvx4g2zr0q-shellcheck-0.10.0-bin",
              "default": true
            },
            {
              "name": "man",
              "path": "/nix/store/cyc84gzdk9jgnim7vhlkj2jyrzy3f6l0-shellcheck-0.10.0-man",
              "default": true
            },
            {
              "name": "doc",
              "path": "/nix/store/ylrpz2sqh1fd4c1gc5qpqfaijzb4qcf8-shellcheck-0.10.0-doc",
              "default": true
            },
            {
              "name": "out",
              "path": "/nix/store/b1dsjs45mfsv84lh7j7vvy9hii1m3irr-shellcheck-0.10.0"
            }
          ],
          "store_path": "/nix/store/d9pyyl4zz5vhdd1ja1rij8rvx4g2zr0q-shellcheck-0.10.0-bin"
        },
        "x86_64-darwin": {
          "outputs": [
            {
              "name": "bin",
              "path": "/nix/store/2wfg86v5m65843ac5ndxh49lkgz0ra62-shellcheck-0.10.0-bin",
              "default": true
            },
            {
              "name": "man",
              "path": "/nix/store/j0ac5q3f8amcjlv7mpnarpc489kcmwch-shellcheck-0.10.0-man",
              "default": true
            },
            {
              "name": "doc",
              "path": "/nix/store/169a6625l5jwkkm4kmdsn9jwh7g6r5xi-shellcheck-0.10.0-doc",
              "default": true
            },
            {
              "name": "out",
              "path": "/nix/store/qvwdimh65m17vim2pyasv35vnxa4xngp-shellcheck-0.10.0"
            }
          ],
          "store_path": "/nix/store/2wfg86v5m65843ac5ndxh49lkgz0ra62-shellcheck-0.10.0-bin"
        },
        "x86_64-linux": {
          "outputs": [
            {
              "name": "bin",
              "path": "/nix/store/g6fx0dy7203d6b9mcm366wqjlvgjk4bg-shellcheck-0.10.0-bin",
              "default": true
            },
            {
              "name": "man",
              "path": "/nix/store/b6df9qlddfzy8a6aqcnyysdpja2cd1mv-shellcheck-0.10.0-man",
              "default": true
            },
            {
              "name": "doc",
              "path": "/nix/store/blxfb83f55nwpyad301pdxddadid5x6s-shellcheck-0.10.0-doc",
              "default": true
            },
            {
              "name": "out",
              "path": "/nix/store/6qxij2ij5b5hisqhyssdx019slgkqpnn-shellcheck-0.10.0"
            }
          ],
          "store_path": "/nix/store/g6fx0dy7203d6b9mcm366wqjlvgjk4bg-shellcheck-0.10.0-bin"
        }
      }
    },
    "shfmt@latest": {
      "last_modified": "2024-12-23T21:10:33Z",
      "resolved": "github:NixOS/nixpkgs/de1864217bfa9b5845f465e771e0ecb48b30e02d#shfmt",
      "source": "devbox-search",
      "version": "3.10.0",
      "systems": {
        "aarch64-darwin": {
          "outputs": [
            {
              "name": "out",
              "path": "/nix/store/7z7ra9m602wprriv8za9an73c8rix396-shfmt-3.10.0",
              "default": true
            }
          ],
          "store_path": "/nix/store/7z7ra9m602wprriv8za9an73c8rix396-shfmt-3.10.0"
        },
        "aarch64-linux": {
          "outputs": [
            {
              "name": "out",
              "path": "/nix/store/dyim6vd0hqja7mfh1pfkziswwqzcqslv-shfmt-3.10.0",
              "default": true
            }
          ],
          "store_path": "/nix/store/dyim6vd0hqja7mfh1pfkziswwqzcqslv-shfmt-3.10.0"
        },
        "x86_64-darwin": {
          "outputs": [
            {
              "name": "out",
              "path": "/nix/store/2vq7iy7p1w1ag555gdiw8ynb8n6cj7z6-shfmt-3.10.0",
              "default": true
            }
          ],
          "store_path": "/nix/store/2vq7iy7p1w1ag555gdiw8ynb8n6cj7z6-shfmt-3.10.0"
        },
        "x86_64-linux": {
          "outputs": [
            {
              "name": "out",
              "path": "/nix/store/88nm2h1pxpcyb8wlkai0kjzlncsfx9y6-shfmt-3.10.0",
              "default": true
            }
          ],
          "store_path": "/nix/store/88nm2h1pxpcyb8wlkai0kjzlncsfx9y6-shfmt-3.10.0"
        }
      }
    },
    "vendir@latest": {
      "last_modified": "2024-12-23T21:10:33Z",
      "resolved": "github:NixOS/nixpkgs/de1864217bfa9b5845f465e771e0ecb48b30e02d#vendir",
      "source": "devbox-search",
      "version": "0.43.0",
      "systems": {
        "aarch64-darwin": {
          "outputs": [
            {
              "name": "out",
              "path": "/nix/store/0mp1qfysbzf42cwa6cjblzrgdzl4jmh5-vendir-0.43.0",
              "default": true
            }
          ],
          "store_path": "/nix/store/0mp1qfysbzf42cwa6cjblzrgdzl4jmh5-vendir-0.43.0"
        },
        "aarch64-linux": {
          "outputs": [
            {
              "name": "out",
              "path": "/nix/store/mgsl8k8vcdghqmfrykzkai5cjwisrhk9-vendir-0.43.0",
              "default": true
            }
          ],
          "store_path": "/nix/store/mgsl8k8vcdghqmfrykzkai5cjwisrhk9-vendir-0.43.0"
        },
        "x86_64-darwin": {
          "outputs": [
            {
              "name": "out",
              "path": "/nix/store/mkylcfifffd68rm71bdi4wic21d1cm49-vendir-0.43.0",
              "default": true
            }
          ],
          "store_path": "/nix/store/mkylcfifffd68rm71bdi4wic21d1cm49-vendir-0.43.0"
        },
        "x86_64-linux": {
          "outputs": [
            {
              "name": "out",
              "path": "/nix/store/cn9s2c5dx9aiafr23ikxv2l59snp5n0k-vendir-0.43.0",
              "default": true
            }
          ],
          "store_path": "/nix/store/cn9s2c5dx9aiafr23ikxv2l59snp5n0k-vendir-0.43.0"
        }
      }
    }
  }
}
