apiVersion: vendir.k14s.io/v1alpha1
directories:
- contents:
  - git:
      commitTitle: Release 10.3.1.
      sha: fc752f3143dd9a844ca3ac54a27d834527056eae
      tags:
      - 10.3.1
    path: community.general
  - git:
      commitTitle: 'chore(main): release 4.2.2 (#571)...'
      sha: 098883454c45a5b644a2e86890c04fb3c7beef29
      tags:
      - 4.2.2
    path: hetzner.cloud
  path: vendor/ansible_collection
- contents:
  - git:
      commitTitle: Update CHANGELOG.md...
      sha: 86cf2f1f48d46396d655a0eb337de15fcc7bc749
      tags:
      - v5.3.0
    path: unattended_upgrades
  path: vendor/ansible_roles
- contents:
  - git:
      commitTitle: Update README
      sha: 2228634e9215dc08a28ca4249ecfed13ed094220
      tags:
      - v04
    path: .
  path: vendor/pve-nag-buster
- contents:
  - git:
      commitTitle: Prepare release 3.5.2 (#322)
      sha: 094b8366fa1f2402b3c9b42c58cfc6bb3bfe7a80
      tags:
      - v3.5.2
    path: pve_exporter
  - git:
      commitTitle: '[yum.sh] Explicitly disable "running kernel"-check (#232)...'
      sha: b36a2eadfc88f711588085b83f0ecbdbc5f288c3
    path: textfile-collector-scripts
  - githubRelease:
      tag: v0.6.4
      url: https://api.github.com/repos/natrontech/pbs-exporter/releases/192583796
    path: pbs-exporter
  path: vendor/exporters
kind: LockConfig
