apiVersion: vendir.k14s.io/v1alpha1
directories:
- contents:
  - git:
      commitTitle: Release 11.0.0.
      sha: 5da06a75aa69938062b46ede9497ec0734292fe0
      tags:
      - 11.0.0
    path: community/general
  - git:
      commitTitle: Render CHANGELOGS for releasee 1.1.0
      sha: a42b12bc0d12c5a5fbec69352ccde5c3ab57e959
      tags:
      - 1.1.0
    path: community/proxmox
  path: vendor/ansible_collections
- contents:
  - git:
      commitTitle: Release version 6.0.1
      sha: 731befd21a0c3a318160fb93a60aa2af849e34ae
      tags:
      - v6.0.1
    path: unattended_upgrades
  path: vendor/ansible_roles
- contents:
  - git:
      commitTitle: Update README
      sha: 2228634e9215dc08a28ca4249ecfed13ed094220
      tags:
      - v04
    path: .
  path: vendor/pve-nag-buster
- contents:
  - git:
      commitTitle: Prepare release 3.5.5
      sha: da192f5ab1538db129943c2c9c7984a53b3b340b
      tags:
      - v3.5.5
    path: pve_exporter
  - git:
      commitTitle: '[yum.sh] Explicitly disable "running kernel"-check (#232)...'
      sha: b36a2eadfc88f711588085b83f0ecbdbc5f288c3
    path: textfile-collector-scripts
  - githubRelease:
      tag: v0.6.7
      url: https://api.github.com/repos/natrontech/pbs-exporter/releases/212407028
    path: pbs-exporter
  - githubRelease:
      tag: v0.3.43
      url: https://api.github.com/repos/nalabelle/kopia-exporter/releases/220786716
    path: kopia-exporter
  path: vendor/exporters
- contents:
  - http: {}
    path: .
  path: .pulumi/bin
kind: LockConfig
