apiVersion: vendir.k14s.io/v1alpha1
directories:
- contents:
  - git:
      commitTitle: Release 9.5.1.
      sha: 9e0eeb0b945fdbfbcb217e6f3a6563a012ed9224
      tags:
      - 9.5.1
    path: community.general
  - git:
      commitTitle: 'chore(main): release 4.2.1 (#562)...'
      sha: 8503764dd0d773969847d713cf80b6883adb5f6e
      tags:
      - 4.2.1
    path: hetzner.cloud
  path: vendor/ansible_collection
- contents:
  - git:
      commitTitle: 'Merge pull request #338 from tobiashuste/prepare-5-1-0...'
      sha: d4e72c80996c41b93b92b0ed54b4f24c36676211
      tags:
      - v5.1.0
    path: unattended_upgrades
  path: vendor/ansible_roles
kind: LockConfig
